// !$*UTF8*$!
{
	archiveVersion = 1;
	classes = {
	};
	objectVersion = 50;
	objects = {

/* Begin PBXBuildFile section */
		20021DE922FB75FD00875D13 /* AppDelegate.swift in Sources */ = {isa = PBXBuildFile; fileRef = 20021DE822FB75FD00875D13 /* AppDelegate.swift */; };
		20021DEB22FB75FD00875D13 /* ContactsListViewController.swift in Sources */ = {isa = PBXBuildFile; fileRef = 20021DEA22FB75FD00875D13 /* ContactsListViewController.swift */; };
		20021DEE22FB75FD00875D13 /* Main.storyboard in Resources */ = {isa = PBXBuildFile; fileRef = 20021DEC22FB75FD00875D13 /* Main.storyboard */; };
		20021DF122FB75FD00875D13 /* ContactsApp.xcdatamodeld in Sources */ = {isa = PBXBuildFile; fileRef = 20021DEF22FB75FD00875D13 /* ContactsApp.xcdatamodeld */; };
		20021DF322FB75FF00875D13 /* Assets.xcassets in Resources */ = {isa = PBXBuildFile; fileRef = 20021DF222FB75FF00875D13 /* Assets.xcassets */; };
		20021DF622FB75FF00875D13 /* LaunchScreen.storyboard in Resources */ = {isa = PBXBuildFile; fileRef = 20021DF422FB75FF00875D13 /* LaunchScreen.storyboard */; };
		20021E0322FB783100875D13 /* ContactCell.swift in Sources */ = {isa = PBXBuildFile; fileRef = 20021E0122FB783100875D13 /* ContactCell.swift */; };
		20021E0422FB783100875D13 /* ContactCell.xib in Resources */ = {isa = PBXBuildFile; fileRef = 20021E0222FB783100875D13 /* ContactCell.xib */; };
		20021E0B22FB870C00875D13 /* ContactViewModel.swift in Sources */ = {isa = PBXBuildFile; fileRef = 20021E0A22FB870C00875D13 /* ContactViewModel.swift */; };
		20021E0D22FBA81500875D13 /* ContactDetailsTableView.swift in Sources */ = {isa = PBXBuildFile; fileRef = 20021E0C22FBA81500875D13 /* ContactDetailsTableView.swift */; };
		20046F9F230F606200A70F1D /* MyDataTableView.swift in Sources */ = {isa = PBXBuildFile; fileRef = 20046F9E230F606200A70F1D /* MyDataTableView.swift */; };
		2004B12123173ED200061CEC /* Contact+CoreDataClass.swift in Sources */ = {isa = PBXBuildFile; fileRef = 2004B11F23173ED200061CEC /* Contact+CoreDataClass.swift */; };
		2004B12223173ED200061CEC /* Contact+CoreDataProperties.swift in Sources */ = {isa = PBXBuildFile; fileRef = 2004B12023173ED200061CEC /* Contact+CoreDataProperties.swift */; };
		200775DE2311302500305B03 /* ContactDataTableView.swift in Sources */ = {isa = PBXBuildFile; fileRef = 200775DD2311302500305B03 /* ContactDataTableView.swift */; };
		200775E0231140D900305B03 /* GroupsTableView.swift in Sources */ = {isa = PBXBuildFile; fileRef = 200775DF231140D900305B03 /* GroupsTableView.swift */; };
		20100A23230ED66D0069BDE7 /* UIView+Extensions.swift in Sources */ = {isa = PBXBuildFile; fileRef = 20100A22230ED66D0069BDE7 /* UIView+Extensions.swift */; };
		20100A25230EE1A40069BDE7 /* AddFieldTableView.swift in Sources */ = {isa = PBXBuildFile; fileRef = 20100A24230EE1A40069BDE7 /* AddFieldTableView.swift */; };
/* End PBXBuildFile section */

/* Begin PBXFileReference section */
		20021DE522FB75FD00875D13 /* ContactsApp.app */ = {isa = PBXFileReference; explicitFileType = wrapper.application; includeInIndex = 0; path = ContactsApp.app; sourceTree = BUILT_PRODUCTS_DIR; };
		20021DE822FB75FD00875D13 /* AppDelegate.swift */ = {isa = PBXFileReference; lastKnownFileType = sourcecode.swift; path = AppDelegate.swift; sourceTree = "<group>"; };
		20021DEA22FB75FD00875D13 /* ContactsListViewController.swift */ = {isa = PBXFileReference; lastKnownFileType = sourcecode.swift; path = ContactsListViewController.swift; sourceTree = "<group>"; };
		20021DED22FB75FD00875D13 /* Base */ = {isa = PBXFileReference; lastKnownFileType = file.storyboard; name = Base; path = Base.lproj/Main.storyboard; sourceTree = "<group>"; };
		20021DF022FB75FD00875D13 /* ContactsApp.xcdatamodel */ = {isa = PBXFileReference; lastKnownFileType = wrapper.xcdatamodel; path = ContactsApp.xcdatamodel; sourceTree = "<group>"; };
		20021DF222FB75FF00875D13 /* Assets.xcassets */ = {isa = PBXFileReference; lastKnownFileType = folder.assetcatalog; path = Assets.xcassets; sourceTree = "<group>"; };
		20021DF522FB75FF00875D13 /* Base */ = {isa = PBXFileReference; lastKnownFileType = file.storyboard; name = Base; path = Base.lproj/LaunchScreen.storyboard; sourceTree = "<group>"; };
		20021DF722FB75FF00875D13 /* Info.plist */ = {isa = PBXFileReference; lastKnownFileType = text.plist.xml; path = Info.plist; sourceTree = "<group>"; };
		20021E0122FB783100875D13 /* ContactCell.swift */ = {isa = PBXFileReference; lastKnownFileType = sourcecode.swift; path = ContactCell.swift; sourceTree = "<group>"; };
		20021E0222FB783100875D13 /* ContactCell.xib */ = {isa = PBXFileReference; lastKnownFileType = file.xib; path = ContactCell.xib; sourceTree = "<group>"; };
		20021E0A22FB870C00875D13 /* ContactViewModel.swift */ = {isa = PBXFileReference; lastKnownFileType = sourcecode.swift; path = ContactViewModel.swift; sourceTree = "<group>"; };
		20021E0C22FBA81500875D13 /* ContactDetailsTableView.swift */ = {isa = PBXFileReference; lastKnownFileType = sourcecode.swift; path = ContactDetailsTableView.swift; sourceTree = "<group>"; };
		20046F9E230F606200A70F1D /* MyDataTableView.swift */ = {isa = PBXFileReference; lastKnownFileType = sourcecode.swift; path = MyDataTableView.swift; sourceTree = "<group>"; };
		2004B11F23173ED200061CEC /* Contact+CoreDataClass.swift */ = {isa = PBXFileReference; lastKnownFileType = sourcecode.swift; path = "Contact+CoreDataClass.swift"; sourceTree = "<group>"; };
		2004B12023173ED200061CEC /* Contact+CoreDataProperties.swift */ = {isa = PBXFileReference; lastKnownFileType = sourcecode.swift; path = "Contact+CoreDataProperties.swift"; sourceTree = "<group>"; };
		200775DD2311302500305B03 /* ContactDataTableView.swift */ = {isa = PBXFileReference; lastKnownFileType = sourcecode.swift; path = ContactDataTableView.swift; sourceTree = "<group>"; };
		200775DF231140D900305B03 /* GroupsTableView.swift */ = {isa = PBXFileReference; lastKnownFileType = sourcecode.swift; path = GroupsTableView.swift; sourceTree = "<group>"; };
		20100A22230ED66D0069BDE7 /* UIView+Extensions.swift */ = {isa = PBXFileReference; lastKnownFileType = sourcecode.swift; path = "UIView+Extensions.swift"; sourceTree = "<group>"; };
		20100A24230EE1A40069BDE7 /* AddFieldTableView.swift */ = {isa = PBXFileReference; lastKnownFileType = sourcecode.swift; path = AddFieldTableView.swift; sourceTree = "<group>"; };
/* End PBXFileReference section */

/* Begin PBXFrameworksBuildPhase section */
		20021DE222FB75FD00875D13 /* Frameworks */ = {
			isa = PBXFrameworksBuildPhase;
			buildActionMask = 2147483647;
			files = (
			);
			runOnlyForDeploymentPostprocessing = 0;
		};
/* End PBXFrameworksBuildPhase section */

/* Begin PBXGroup section */
		20021DDC22FB75FD00875D13 = {
			isa = PBXGroup;
			children = (
				20021DE722FB75FD00875D13 /* ContactsApp */,
				20021DE622FB75FD00875D13 /* Products */,
			);
			sourceTree = "<group>";
		};
		20021DE622FB75FD00875D13 /* Products */ = {
			isa = PBXGroup;
			children = (
				20021DE522FB75FD00875D13 /* ContactsApp.app */,
			);
			name = Products;
			sourceTree = "<group>";
		};
		20021DE722FB75FD00875D13 /* ContactsApp */ = {
			isa = PBXGroup;
			children = (
				20100A21230ED6460069BDE7 /* Extensions */,
				20021E0022FB775E00875D13 /* Controllers */,
				20021DFF22FB775700875D13 /* Model */,
				20021DFE22FB774B00875D13 /* ViewModel */,
				20021DFD22FB774300875D13 /* View */,
				20021DE822FB75FD00875D13 /* AppDelegate.swift */,
				20021DF222FB75FF00875D13 /* Assets.xcassets */,
				20021DF722FB75FF00875D13 /* Info.plist */,
				20021DEF22FB75FD00875D13 /* ContactsApp.xcdatamodeld */,
			);
			path = ContactsApp;
			sourceTree = "<group>";
		};
		20021DFD22FB774300875D13 /* View */ = {
			isa = PBXGroup;
			children = (
				20021E0522FB783700875D13 /* Cells */,
				20021DEC22FB75FD00875D13 /* Main.storyboard */,
				20021DF422FB75FF00875D13 /* LaunchScreen.storyboard */,
			);
			path = View;
			sourceTree = "<group>";
		};
		20021DFE22FB774B00875D13 /* ViewModel */ = {
			isa = PBXGroup;
			children = (
				20021E0A22FB870C00875D13 /* ContactViewModel.swift */,
			);
			path = ViewModel;
			sourceTree = "<group>";
		};
		20021DFF22FB775700875D13 /* Model */ = {
			isa = PBXGroup;
			children = (
				2004B11F23173ED200061CEC /* Contact+CoreDataClass.swift */,
				2004B12023173ED200061CEC /* Contact+CoreDataProperties.swift */,
			);
			path = Model;
			sourceTree = "<group>";
		};
		20021E0022FB775E00875D13 /* Controllers */ = {
			isa = PBXGroup;
			children = (
				20021DEA22FB75FD00875D13 /* ContactsListViewController.swift */,
				20021E0C22FBA81500875D13 /* ContactDetailsTableView.swift */,
				20100A24230EE1A40069BDE7 /* AddFieldTableView.swift */,
				20046F9E230F606200A70F1D /* MyDataTableView.swift */,
				200775DD2311302500305B03 /* ContactDataTableView.swift */,
				200775DF231140D900305B03 /* GroupsTableView.swift */,
			);
			path = Controllers;
			sourceTree = "<group>";
		};
		20021E0522FB783700875D13 /* Cells */ = {
			isa = PBXGroup;
			children = (
				20021E0122FB783100875D13 /* ContactCell.swift */,
				20021E0222FB783100875D13 /* ContactCell.xib */,
			);
			path = Cells;
			sourceTree = "<group>";
		};
		20100A21230ED6460069BDE7 /* Extensions */ = {
			isa = PBXGroup;
			children = (
				20100A22230ED66D0069BDE7 /* UIView+Extensions.swift */,
			);
			path = Extensions;
			sourceTree = "<group>";
		};
/* End PBXGroup section */

/* Begin PBXNativeTarget section */
		20021DE422FB75FD00875D13 /* ContactsApp */ = {
			isa = PBXNativeTarget;
			buildConfigurationList = 20021DFA22FB75FF00875D13 /* Build configuration list for PBXNativeTarget "ContactsApp" */;
			buildPhases = (
				20021DE122FB75FD00875D13 /* Sources */,
				20021DE222FB75FD00875D13 /* Frameworks */,
				20021DE322FB75FD00875D13 /* Resources */,
			);
			buildRules = (
			);
			dependencies = (
			);
			name = ContactsApp;
			productName = ContactsApp;
			productReference = 20021DE522FB75FD00875D13 /* ContactsApp.app */;
			productType = "com.apple.product-type.application";
		};
/* End PBXNativeTarget section */

/* Begin PBXProject section */
		20021DDD22FB75FD00875D13 /* Project object */ = {
			isa = PBXProject;
			attributes = {
				LastSwiftUpdateCheck = 1030;
				LastUpgradeCheck = 1030;
				ORGANIZATIONNAME = Crypto;
				TargetAttributes = {
					20021DE422FB75FD00875D13 = {
						CreatedOnToolsVersion = 10.3;
					};
				};
			};
			buildConfigurationList = 20021DE022FB75FD00875D13 /* Build configuration list for PBXProject "ContactsApp" */;
			compatibilityVersion = "Xcode 9.3";
			developmentRegion = en;
			hasScannedForEncodings = 0;
			knownRegions = (
				en,
				Base,
			);
			mainGroup = 20021DDC22FB75FD00875D13;
			productRefGroup = 20021DE622FB75FD00875D13 /* Products */;
			projectDirPath = "";
			projectRoot = "";
			targets = (
				20021DE422FB75FD00875D13 /* ContactsApp */,
			);
		};
/* End PBXProject section */

/* Begin PBXResourcesBuildPhase section */
		20021DE322FB75FD00875D13 /* Resources */ = {
			isa = PBXResourcesBuildPhase;
			buildActionMask = 2147483647;
			files = (
				20021E0422FB783100875D13 /* ContactCell.xib in Resources */,
				20021DF622FB75FF00875D13 /* LaunchScreen.storyboard in Resources */,
				20021DF322FB75FF00875D13 /* Assets.xcassets in Resources */,
				20021DEE22FB75FD00875D13 /* Main.storyboard in Resources */,
			);
			runOnlyForDeploymentPostprocessing = 0;
		};
/* End PBXResourcesBuildPhase section */

/* Begin PBXSourcesBuildPhase section */
		20021DE122FB75FD00875D13 /* Sources */ = {
			isa = PBXSourcesBuildPhase;
			buildActionMask = 2147483647;
			files = (
				20021E0322FB783100875D13 /* ContactCell.swift in Sources */,
				20046F9F230F606200A70F1D /* MyDataTableView.swift in Sources */,
				200775DE2311302500305B03 /* ContactDataTableView.swift in Sources */,
				20021DF122FB75FD00875D13 /* ContactsApp.xcdatamodeld in Sources */,
				200775E0231140D900305B03 /* GroupsTableView.swift in Sources */,
				20100A23230ED66D0069BDE7 /* UIView+Extensions.swift in Sources */,
				20100A25230EE1A40069BDE7 /* AddFieldTableView.swift in Sources */,
				2004B12223173ED200061CEC /* Contact+CoreDataProperties.swift in Sources */,
				20021DEB22FB75FD00875D13 /* ContactsListViewController.swift in Sources */,
				20021E0B22FB870C00875D13 /* ContactViewModel.swift in Sources */,
				20021E0D22FBA81500875D13 /* ContactDetailsTableView.swift in Sources */,
				2004B12123173ED200061CEC /* Contact+CoreDataClass.swift in Sources */,
				20021DE922FB75FD00875D13 /* AppDelegate.swift in Sources */,
			);
			runOnlyForDeploymentPostprocessing = 0;
		};
/* End PBXSourcesBuildPhase section */

/* Begin PBXVariantGroup section */
		20021DEC22FB75FD00875D13 /* Main.storyboard */ = {
			isa = PBXVariantGroup;
			children = (
				20021DED22FB75FD00875D13 /* Base */,
			);
			name = Main.storyboard;
			sourceTree = "<group>";
		};
		20021DF422FB75FF00875D13 /* LaunchScreen.storyboard */ = {
			isa = PBXVariantGroup;
			children = (
				20021DF522FB75FF00875D13 /* Base */,
			);
			name = LaunchScreen.storyboard;
			sourceTree = "<group>";
		};
/* End PBXVariantGroup section */

/* Begin XCBuildConfiguration section */
		20021DF822FB75FF00875D13 /* Debug */ = {
			isa = XCBuildConfiguration;
			buildSettings = {
				ALWAYS_SEARCH_USER_PATHS = NO;
				CLANG_ANALYZER_NONNULL = YES;
				CLANG_ANALYZER_NUMBER_OBJECT_CONVERSION = YES_AGGRESSIVE;
				CLANG_CXX_LANGUAGE_STANDARD = "gnu++14";
				CLANG_CXX_LIBRARY = "libc++";
				CLANG_ENABLE_MODULES = YES;
				CLANG_ENABLE_OBJC_ARC = YES;
				CLANG_ENABLE_OBJC_WEAK = YES;
				CLANG_WARN_BLOCK_CAPTURE_AUTORELEASING = YES;
				CLANG_WARN_BOOL_CONVERSION = YES;
				CLANG_WARN_COMMA = YES;
				CLANG_WARN_CONSTANT_CONVERSION = YES;
				CLANG_WARN_DEPRECATED_OBJC_IMPLEMENTATIONS = YES;
				CLANG_WARN_DIRECT_OBJC_ISA_USAGE = YES_ERROR;
				CLANG_WARN_DOCUMENTATION_COMMENTS = YES;
				CLANG_WARN_EMPTY_BODY = YES;
				CLANG_WARN_ENUM_CONVERSION = YES;
				CLANG_WARN_INFINITE_RECURSION = YES;
				CLANG_WARN_INT_CONVERSION = YES;
				CLANG_WARN_NON_LITERAL_NULL_CONVERSION = YES;
				CLANG_WARN_OBJC_IMPLICIT_RETAIN_SELF = YES;
				CLANG_WARN_OBJC_LITERAL_CONVERSION = YES;
				CLANG_WARN_OBJC_ROOT_CLASS = YES_ERROR;
				CLANG_WARN_RANGE_LOOP_ANALYSIS = YES;
				CLANG_WARN_STRICT_PROTOTYPES = YES;
				CLANG_WARN_SUSPICIOUS_MOVE = YES;
				CLANG_WARN_UNGUARDED_AVAILABILITY = YES_AGGRESSIVE;
				CLANG_WARN_UNREACHABLE_CODE = YES;
				CLANG_WARN__DUPLICATE_METHOD_MATCH = YES;
				CODE_SIGN_IDENTITY = "iPhone Developer";
				COPY_PHASE_STRIP = NO;
				DEBUG_INFORMATION_FORMAT = dwarf;
				ENABLE_STRICT_OBJC_MSGSEND = YES;
				ENABLE_TESTABILITY = YES;
				GCC_C_LANGUAGE_STANDARD = gnu11;
				GCC_DYNAMIC_NO_PIC = NO;
				GCC_NO_COMMON_BLOCKS = YES;
				GCC_OPTIMIZATION_LEVEL = 0;
				GCC_PREPROCESSOR_DEFINITIONS = (
					"DEBUG=1",
					"$(inherited)",
				);
				GCC_WARN_64_TO_32_BIT_CONVERSION = YES;
				GCC_WARN_ABOUT_RETURN_TYPE = YES_ERROR;
				GCC_WARN_UNDECLARED_SELECTOR = YES;
				GCC_WARN_UNINITIALIZED_AUTOS = YES_AGGRESSIVE;
				GCC_WARN_UNUSED_FUNCTION = YES;
				GCC_WARN_UNUSED_VARIABLE = YES;
				IPHONEOS_DEPLOYMENT_TARGET = 12.0;
				MTL_ENABLE_DEBUG_INFO = INCLUDE_SOURCE;
				MTL_FAST_MATH = YES;
				ONLY_ACTIVE_ARCH = YES;
				SDKROOT = iphoneos;
				SWIFT_ACTIVE_COMPILATION_CONDITIONS = DEBUG;
				SWIFT_OPTIMIZATION_LEVEL = "-Onone";
			};
			name = Debug;
		};
		20021DF922FB75FF00875D13 /* Release */ = {
			isa = XCBuildConfiguration;
			buildSettings = {
				ALWAYS_SEARCH_USER_PATHS = NO;
				CLANG_ANALYZER_NONNULL = YES;
				CLANG_ANALYZER_NUMBER_OBJECT_CONVERSION = YES_AGGRESSIVE;
				CLANG_CXX_LANGUAGE_STANDARD = "gnu++14";
				CLANG_CXX_LIBRARY = "libc++";
				CLANG_ENABLE_MODULES = YES;
				CLANG_ENABLE_OBJC_ARC = YES;
				CLANG_ENABLE_OBJC_WEAK = YES;
				CLANG_WARN_BLOCK_CAPTURE_AUTORELEASING = YES;
				CLANG_WARN_BOOL_CONVERSION = YES;
				CLANG_WARN_COMMA = YES;
				CLANG_WARN_CONSTANT_CONVERSION = YES;
				CLANG_WARN_DEPRECATED_OBJC_IMPLEMENTATIONS = YES;
				CLANG_WARN_DIRECT_OBJC_ISA_USAGE = YES_ERROR;
				CLANG_WARN_DOCUMENTATION_COMMENTS = YES;
				CLANG_WARN_EMPTY_BODY = YES;
				CLANG_WARN_ENUM_CONVERSION = YES;
				CLANG_WARN_INFINITE_RECURSION = YES;
				CLANG_WARN_INT_CONVERSION = YES;
				CLANG_WARN_NON_LITERAL_NULL_CONVERSION = YES;
				CLANG_WARN_OBJC_IMPLICIT_RETAIN_SELF = YES;
				CLANG_WARN_OBJC_LITERAL_CONVERSION = YES;
				CLANG_WARN_OBJC_ROOT_CLASS = YES_ERROR;
				CLANG_WARN_RANGE_LOOP_ANALYSIS = YES;
				CLANG_WARN_STRICT_PROTOTYPES = YES;
				CLANG_WARN_SUSPICIOUS_MOVE = YES;
				CLANG_WARN_UNGUARDED_AVAILABILITY = YES_AGGRESSIVE;
				CLANG_WARN_UNREACHABLE_CODE = YES;
				CLANG_WARN__DUPLICATE_METHOD_MATCH = YES;
				CODE_SIGN_IDENTITY = "iPhone Developer";
				COPY_PHASE_STRIP = NO;
				DEBUG_INFORMATION_FORMAT = "dwarf-with-dsym";
				ENABLE_NS_ASSERTIONS = NO;
				ENABLE_STRICT_OBJC_MSGSEND = YES;
				GCC_C_LANGUAGE_STANDARD = gnu11;
				GCC_NO_COMMON_BLOCKS = YES;
				GCC_WARN_64_TO_32_BIT_CONVERSION = YES;
				GCC_WARN_ABOUT_RETURN_TYPE = YES_ERROR;
				GCC_WARN_UNDECLARED_SELECTOR = YES;
				GCC_WARN_UNINITIALIZED_AUTOS = YES_AGGRESSIVE;
				GCC_WARN_UNUSED_FUNCTION = YES;
				GCC_WARN_UNUSED_VARIABLE = YES;
				IPHONEOS_DEPLOYMENT_TARGET = 12.0;
				MTL_ENABLE_DEBUG_INFO = NO;
				MTL_FAST_MATH = YES;
				SDKROOT = iphoneos;
				SWIFT_COMPILATION_MODE = wholemodule;
				SWIFT_OPTIMIZATION_LEVEL = "-O";
				VALIDATE_PRODUCT = YES;
			};
			name = Release;
		};
		20021DFB22FB75FF00875D13 /* Debug */ = {
			isa = XCBuildConfiguration;
			buildSettings = {
				ASSETCATALOG_COMPILER_APPICON_NAME = AppIcon;
				CODE_SIGN_STYLE = Automatic;
				DEVELOPMENT_TEAM = 6GY6SSRWWX;
				INFOPLIST_FILE = ContactsApp/Info.plist;
				LD_RUNPATH_SEARCH_PATHS = (
					"$(inherited)",
					"@executable_path/Frameworks",
				);
				PRODUCT_BUNDLE_IDENTIFIER = Crypto.ContactsApp1;
				PRODUCT_NAME = "$(TARGET_NAME)";
				SWIFT_VERSION = 5.0;
				TARGETED_DEVICE_FAMILY = "1,2";
			};
			name = Debug;
		};
		20021DFC22FB75FF00875D13 /* Release */ = {
			isa = XCBuildConfiguration;
			buildSettings = {
				ASSETCATALOG_COMPILER_APPICON_NAME = AppIcon;
				CODE_SIGN_STYLE = Automatic;
				DEVELOPMENT_TEAM = 6GY6SSRWWX;
				INFOPLIST_FILE = ContactsApp/Info.plist;
				LD_RUNPATH_SEARCH_PATHS = (
					"$(inherited)",
					"@executable_path/Frameworks",
				);
				PRODUCT_BUNDLE_IDENTIFIER = Crypto.ContactsApp1;
				PRODUCT_NAME = "$(TARGET_NAME)";
				SWIFT_VERSION = 5.0;
				TARGETED_DEVICE_FAMILY = "1,2";
			};
			name = Release;
		};
/* End XCBuildConfiguration section */

/* Begin XCConfigurationList section */
		20021DE022FB75FD00875D13 /* Build configuration list for PBXProject "ContactsApp" */ = {
			isa = XCConfigurationList;
			buildConfigurations = (
				20021DF822FB75FF00875D13 /* Debug */,
				20021DF922FB75FF00875D13 /* Release */,
			);
			defaultConfigurationIsVisible = 0;
			defaultConfigurationName = Release;
		};
		20021DFA22FB75FF00875D13 /* Build configuration list for PBXNativeTarget "ContactsApp" */ = {
			isa = XCConfigurationList;
			buildConfigurations = (
				20021DFB22FB75FF00875D13 /* Debug */,
				20021DFC22FB75FF00875D13 /* Release */,
			);
			defaultConfigurationIsVisible = 0;
			defaultConfigurationName = Release;
		};
/* End XCConfigurationList section */

/* Begin XCVersionGroup section */
		20021DEF22FB75FD00875D13 /* ContactsApp.xcdatamodeld */ = {
			isa = XCVersionGroup;
			children = (
				20021DF022FB75FD00875D13 /* ContactsApp.xcdatamodel */,
			);
			currentVersion = 20021DF022FB75FD00875D13 /* ContactsApp.xcdatamodel */;
			path = ContactsApp.xcdatamodeld;
			sourceTree = "<group>";
			versionGroupType = wrapper.xcdatamodel;
		};
/* End XCVersionGroup section */
	};
	rootObject = 20021DDD22FB75FD00875D13 /* Project object */;
}
